
Microsoft Visual Studio Solution File, Format Version 12.00
# Visual Studio Version 16
VisualStudioVersion = 16.0.31515.178
MinimumVisualStudioVersion = 10.0.40219.1
Project("{9A19103F-16F7-4668-BE54-9A1E7A4F7556}") = "LargestRemainder", "LargestRemainder.csproj", "{8921C6E6-2B5E-4361-82C5-FA74C79E7166}"
EndProject
Project("{2150E333-8FDC-42A3-9474-1A3956D46DE8}") = "ProblemIssues", "ProblemIssues", "{B23B81C8-CA47-4F94-BB2A-0D1E0FA685A0}"
	ProjectSection(SolutionItems) = preProject
		..\..\Littera\Rules\Largestreminder.txt = ..\..\Littera\Rules\Largestreminder.txt
		..\..\Littera\Rules\LargestReminder.xlsx = ..\..\Littera\Rules\LargestReminder.xlsx
	EndProjectSection
EndProject
Global
	GlobalSection(SolutionConfigurationPlatforms) = preSolution
		Debug|Any CPU = Debug|Any CPU
		Release|Any CPU = Release|Any CPU
	EndGlobalSection
	GlobalSection(ProjectConfigurationPlatforms) = postSolution
		{8921C6E6-2B5E-4361-82C5-FA74C79E7166}.Debug|Any CPU.ActiveCfg = Debug|Any CPU
		{8921C6E6-2B5E-4361-82C5-FA74C79E7166}.Debug|Any CPU.Build.0 = Debug|Any CPU
		{8921C6E6-2B5E-4361-82C5-FA74C79E7166}.Release|Any CPU.ActiveCfg = Release|Any CPU
		{8921C6E6-2B5E-4361-82C5-FA74C79E7166}.Release|Any CPU.Build.0 = Release|Any CPU
	EndGlobalSection
	GlobalSection(SolutionProperties) = preSolution
		HideSolutionNode = FALSE
	EndGlobalSection
	GlobalSection(ExtensibilityGlobals) = postSolution
		SolutionGuid = {ECB2F424-729A-4C23-AC1D-80DE6E327F1D}
	EndGlobalSection
EndGlobal
